
Microsoft Visual Studio Solution File, Format Version 12.00
# Visual Studio Version 16
VisualStudioVersion = 16.0.33027.164
MinimumVisualStudioVersion = 10.0.40219.1
Project("{FAE04EC0-301F-11D3-BF4B-00C04F79EFBC}") = "Client", "Client\Client.csproj", "{D4DD1FB8-6F6D-441E-8306-4144EAFC177B}"
EndProject
Project("{FAE04EC0-301F-11D3-BF4B-00C04F79EFBC}") = "Server", "Server\Server.csproj", "{FD51B6E1-E58D-45F2-92F7-E426B08E0FAE}"
EndProject
Global
	GlobalSection(SolutionConfigurationPlatforms) = preSolution
		Debug|Any CPU = Debug|Any CPU
		Release|Any CPU = Release|Any CPU
	EndGlobalSection
	GlobalSection(ProjectConfigurationPlatforms) = postSolution
		{D4DD1FB8-6F6D-441E-8306-4144EAFC177B}.Debug|Any CPU.ActiveCfg = Debug|Any CPU
		{D4DD1FB8-6F6D-441E-8306-4144EAFC177B}.Debug|Any CPU.Build.0 = Debug|Any CPU
		{D4DD1FB8-6F6D-441E-8306-4144EAFC177B}.Release|Any CPU.ActiveCfg = Release|Any CPU
		{D4DD1FB8-6F6D-441E-8306-4144EAFC177B}.Release|Any CPU.Build.0 = Release|Any CPU
		{FD51B6E1-E58D-45F2-92F7-E426B08E0FAE}.Debug|Any CPU.ActiveCfg = Debug|Any CPU
		{FD51B6E1-E58D-45F2-92F7-E426B08E0FAE}.Debug|Any CPU.Build.0 = Debug|Any CPU
		{FD51B6E1-E58D-45F2-92F7-E426B08E0FAE}.Release|Any CPU.ActiveCfg = Release|Any CPU
		{FD51B6E1-E58D-45F2-92F7-E426B08E0FAE}.Release|Any CPU.Build.0 = Release|Any CPU
	EndGlobalSection
	GlobalSection(SolutionProperties) = preSolution
		HideSolutionNode = FALSE
	EndGlobalSection
	GlobalSection(ExtensibilityGlobals) = postSolution
		SolutionGuid = {04C21B44-7B5C-42D7-A2F4-0595EA4F7BEE}
	EndGlobalSection
EndGlobal
